// !$*UTF8*$!
{
	archiveVersion = 1;
	classes = {
	};
	objectVersion = 48;
	objects = {

/* Begin PBXBuildFile section */
		CD221CC12019DE8C0000004C /* AppDelegate.m in Sources */ = {isa = PBXBuildFile; fileRef = CD221CC02019DE8C0000004C /* AppDelegate.m */; };
		CD221CC42019DE8C0000004C /* ViewController.m in Sources */ = {isa = PBXBuildFile; fileRef = CD221CC32019DE8C0000004C /* ViewController.m */; };
		CD221CC72019DE8C0000004C /* Main.storyboard in Resources */ = {isa = PBXBuildFile; fileRef = CD221CC52019DE8C0000004C /* Main.storyboard */; };
		CD221CC92019DE8C0000004C /* Assets.xcassets in Resources */ = {isa = PBXBuildFile; fileRef = CD221CC82019DE8C0000004C /* Assets.xcassets */; };
		CD221CCC2019DE8C0000004C /* LaunchScreen.storyboard in Resources */ = {isa = PBXBuildFile; fileRef = CD221CCA2019DE8C0000004C /* LaunchScreen.storyboard */; };
		CD221CCF2019DE8C0000004C /* main.m in Sources */ = {isa = PBXBuildFile; fileRef = CD221CCE2019DE8C0000004C /* main.m */; };
		DC88C5A785EC3A6D3789DB0B /* Pods_BarChart.framework in Frameworks */ = {isa = PBXBuildFile; fileRef = AED98529DDB24BAEA741D30E /* Pods_BarChart.framework */; };
/* End PBXBuildFile section */

/* Begin PBXFileReference section */
		3175F66ED6A1897454952F4A /* Pods-BarChart.debug.xcconfig */ = {isa = PBXFileReference; includeInIndex = 1; lastKnownFileType = text.xcconfig; name = "Pods-BarChart.debug.xcconfig"; path = "Pods/Target Support Files/Pods-BarChart/Pods-BarChart.debug.xcconfig"; sourceTree = "<group>"; };
		523A14131C5D774138DE77B8 /* Pods-BarChart.release.xcconfig */ = {isa = PBXFileReference; includeInIndex = 1; lastKnownFileType = text.xcconfig; name = "Pods-BarChart.release.xcconfig"; path = "Pods/Target Support Files/Pods-BarChart/Pods-BarChart.release.xcconfig"; sourceTree = "<group>"; };
		AED98529DDB24BAEA741D30E /* Pods_BarChart.framework */ = {isa = PBXFileReference; explicitFileType = wrapper.framework; includeInIndex = 0; path = Pods_BarChart.framework; sourceTree = BUILT_PRODUCTS_DIR; };
		CD221CBC2019DE8C0000004C /* BarChart.app */ = {isa = PBXFileReference; explicitFileType = wrapper.application; includeInIndex = 0; path = BarChart.app; sourceTree = BUILT_PRODUCTS_DIR; };
		CD221CBF2019DE8C0000004C /* AppDelegate.h */ = {isa = PBXFileReference; lastKnownFileType = sourcecode.c.h; path = AppDelegate.h; sourceTree = "<group>"; };
		CD221CC02019DE8C0000004C /* AppDelegate.m */ = {isa = PBXFileReference; lastKnownFileType = sourcecode.c.objc; path = AppDelegate.m; sourceTree = "<group>"; };
		CD221CC22019DE8C0000004C /* ViewController.h */ = {isa = PBXFileReference; lastKnownFileType = sourcecode.c.h; path = ViewController.h; sourceTree = "<group>"; };
		CD221CC32019DE8C0000004C /* ViewController.m */ = {isa = PBXFileReference; lastKnownFileType = sourcecode.c.objc; path = ViewController.m; sourceTree = "<group>"; };
		CD221CC62019DE8C0000004C /* Base */ = {isa = PBXFileReference; lastKnownFileType = file.storyboard; name = Base; path = Base.lproj/Main.storyboard; sourceTree = "<group>"; };
		CD221CC82019DE8C0000004C /* Assets.xcassets */ = {isa = PBXFileReference; lastKnownFileType = folder.assetcatalog; path = Assets.xcassets; sourceTree = "<group>"; };
		CD221CCB2019DE8C0000004C /* Base */ = {isa = PBXFileReference; lastKnownFileType = file.storyboard; name = Base; path = Base.lproj/LaunchScreen.storyboard; sourceTree = "<group>"; };
		CD221CCD2019DE8C0000004C /* Info.plist */ = {isa = PBXFileReference; lastKnownFileType = text.plist.xml; path = Info.plist; sourceTree = "<group>"; };
		CD221CCE2019DE8C0000004C /* main.m */ = {isa = PBXFileReference; lastKnownFileType = sourcecode.c.objc; path = main.m; sourceTree = "<group>"; };
/* End PBXFileReference section */

/* Begin PBXFrameworksBuildPhase section */
		CD221CB92019DE8C0000004C /* Frameworks */ = {
			isa = PBXFrameworksBuildPhase;
			buildActionMask = 2147483647;
			files = (
				DC88C5A785EC3A6D3789DB0B /* Pods_BarChart.framework in Frameworks */,
			);
			runOnlyForDeploymentPostprocessing = 0;
		};
/* End PBXFrameworksBuildPhase section */

/* Begin PBXGroup section */
		88C359F0FF9AC7AA87F5ECC8 /* Pods */ = {
			isa = PBXGroup;
			children = (
				3175F66ED6A1897454952F4A /* Pods-BarChart.debug.xcconfig */,
				523A14131C5D774138DE77B8 /* Pods-BarChart.release.xcconfig */,
			);
			name = Pods;
			sourceTree = "<group>";
		};
		CCFEC81EB5EE40753870FC3A /* Frameworks */ = {
			isa = PBXGroup;
			children = (
				AED98529DDB24BAEA741D30E /* Pods_BarChart.framework */,
			);
			name = Frameworks;
			sourceTree = "<group>";
		};
		CD221CB32019DE8C0000004C = {
			isa = PBXGroup;
			children = (
				CD221CBE2019DE8C0000004C /* BarChart */,
				CD221CBD2019DE8C0000004C /* Products */,
				88C359F0FF9AC7AA87F5ECC8 /* Pods */,
				CCFEC81EB5EE40753870FC3A /* Frameworks */,
			);
			sourceTree = "<group>";
		};
		CD221CBD2019DE8C0000004C /* Products */ = {
			isa = PBXGroup;
			children = (
				CD221CBC2019DE8C0000004C /* BarChart.app */,
			);
			name = Products;
			sourceTree = "<group>";
		};
		CD221CBE2019DE8C0000004C /* BarChart */ = {
			isa = PBXGroup;
			children = (
				CD221CBF2019DE8C0000004C /* AppDelegate.h */,
				CD221CC02019DE8C0000004C /* AppDelegate.m */,
				CD221CC22019DE8C0000004C /* ViewController.h */,
				CD221CC32019DE8C0000004C /* ViewController.m */,
				CD221CC52019DE8C0000004C /* Main.storyboard */,
				CD221CC82019DE8C0000004C /* Assets.xcassets */,
				CD221CCA2019DE8C0000004C /* LaunchScreen.storyboard */,
				CD221CCD2019DE8C0000004C /* Info.plist */,
				CD221CCE2019DE8C0000004C /* main.m */,
			);
			path = BarChart;
			sourceTree = "<group>";
		};
/* End PBXGroup section */

/* Begin PBXNativeTarget section */
		CD221CBB2019DE8C0000004C /* BarChart */ = {
			isa = PBXNativeTarget;
			buildConfigurationList = CD221CD22019DE8C0000004C /* Build configuration list for PBXNativeTarget "BarChart" */;
			buildPhases = (
				940DF6F2070D471F46A6CD93 /* [CP] Check Pods Manifest.lock */,
				CD221CB82019DE8C0000004C /* Sources */,
				CD221CB92019DE8C0000004C /* Frameworks */,
				CD221CBA2019DE8C0000004C /* Resources */,
				238A19B1078C8BA26A2EF152 /* [CP] Embed Pods Frameworks */,
				0D039B55B81A6A264C4B7A06 /* [CP] Copy Pods Resources */,
			);
			buildRules = (
			);
			dependencies = (
			);
			name = BarChart;
			productName = BarChart;
			productReference = CD221CBC2019DE8C0000004C /* BarChart.app */;
			productType = "com.apple.product-type.application";
		};
/* End PBXNativeTarget section */

/* Begin PBXProject section */
		CD221CB42019DE8C0000004C /* Project object */ = {
			isa = PBXProject;
			attributes = {
				LastUpgradeCheck = 0920;
				ORGANIZATIONNAME = ginlong;
				TargetAttributes = {
					CD221CBB2019DE8C0000004C = {
						CreatedOnToolsVersion = 9.2;
						ProvisioningStyle = Automatic;
					};
				};
			};
			buildConfigurationList = CD221CB72019DE8C0000004C /* Build configuration list for PBXProject "BarChart" */;
			compatibilityVersion = "Xcode 8.0";
			developmentRegion = en;
			hasScannedForEncodings = 0;
			knownRegions = (
				en,
				Base,
			);
			mainGroup = CD221CB32019DE8C0000004C;
			productRefGroup = CD221CBD2019DE8C0000004C /* Products */;
			projectDirPath = "";
			projectRoot = "";
			targets = (
				CD221CBB2019DE8C0000004C /* BarChart */,
			);
		};
/* End PBXProject section */

/* Begin PBXResourcesBuildPhase section */
		CD221CBA2019DE8C0000004C /* Resources */ = {
			isa = PBXResourcesBuildPhase;
			buildActionMask = 2147483647;
			files = (
				CD221CCC2019DE8C0000004C /* LaunchScreen.storyboard in Resources */,
				CD221CC92019DE8C0000004C /* Assets.xcassets in Resources */,
				CD221CC72019DE8C0000004C /* Main.storyboard in Resources */,
			);
			runOnlyForDeploymentPostprocessing = 0;
		};
/* End PBXResourcesBuildPhase section */

/* Begin PBXShellScriptBuildPhase section */
		0D039B55B81A6A264C4B7A06 /* [CP] Copy Pods Resources */ = {
			isa = PBXShellScriptBuildPhase;
			buildActionMask = 2147483647;
			files = (
			);
			inputPaths = (
			);
			name = "[CP] Copy Pods Resources";
			outputPaths = (
			);
			runOnlyForDeploymentPostprocessing = 0;
			shellPath = /bin/sh;
			shellScript = "\"${SRCROOT}/Pods/Target Support Files/Pods-BarChart/Pods-BarChart-resources.sh\"\n";
			showEnvVarsInLog = 0;
		};
		238A19B1078C8BA26A2EF152 /* [CP] Embed Pods Frameworks */ = {
			isa = PBXShellScriptBuildPhase;
			buildActionMask = 2147483647;
			files = (
			);
			inputPaths = (
				"${SRCROOT}/Pods/Target Support Files/Pods-BarChart/Pods-BarChart-frameworks.sh",
				"${BUILT_PRODUCTS_DIR}/Charts/Charts.framework",
			);
			name = "[CP] Embed Pods Frameworks";
			outputPaths = (
				"${TARGET_BUILD_DIR}/${FRAMEWORKS_FOLDER_PATH}/Charts.framework",
			);
			runOnlyForDeploymentPostprocessing = 0;
			shellPath = /bin/sh;
			shellScript = "\"${SRCROOT}/Pods/Target Support Files/Pods-BarChart/Pods-BarChart-frameworks.sh\"\n";
			showEnvVarsInLog = 0;
		};
		940DF6F2070D471F46A6CD93 /* [CP] Check Pods Manifest.lock */ = {
			isa = PBXShellScriptBuildPhase;
			buildActionMask = 2147483647;
			files = (
			);
			inputPaths = (
				"${PODS_PODFILE_DIR_PATH}/Podfile.lock",
				"${PODS_ROOT}/Manifest.lock",
			);
			name = "[CP] Check Pods Manifest.lock";
			outputPaths = (
				"$(DERIVED_FILE_DIR)/Pods-BarChart-checkManifestLockResult.txt",
			);
			runOnlyForDeploymentPostprocessing = 0;
			shellPath = /bin/sh;
			shellScript = "diff \"${PODS_PODFILE_DIR_PATH}/Podfile.lock\" \"${PODS_ROOT}/Manifest.lock\" > /dev/null\nif [ $? != 0 ] ; then\n    # print error to STDERR\n    echo \"error: The sandbox is not in sync with the Podfile.lock. Run 'pod install' or update your CocoaPods installation.\" >&2\n    exit 1\nfi\n# This output is used by Xcode 'outputs' to avoid re-running this script phase.\necho \"SUCCESS\" > \"${SCRIPT_OUTPUT_FILE_0}\"\n";
			showEnvVarsInLog = 0;
		};
/* End PBXShellScriptBuildPhase section */

/* Begin PBXSourcesBuildPhase section */
		CD221CB82019DE8C0000004C /* Sources */ = {
			isa = PBXSourcesBuildPhase;
			buildActionMask = 2147483647;
			files = (
				CD221CC42019DE8C0000004C /* ViewController.m in Sources */,
				CD221CCF2019DE8C0000004C /* main.m in Sources */,
				CD221CC12019DE8C0000004C /* AppDelegate.m in Sources */,
			);
			runOnlyForDeploymentPostprocessing = 0;
		};
/* End PBXSourcesBuildPhase section */

/* Begin PBXVariantGroup section */
		CD221CC52019DE8C0000004C /* Main.storyboard */ = {
			isa = PBXVariantGroup;
			children = (
				CD221CC62019DE8C0000004C /* Base */,
			);
			name = Main.storyboard;
			sourceTree = "<group>";
		};
		CD221CCA2019DE8C0000004C /* LaunchScreen.storyboard */ = {
			isa = PBXVariantGroup;
			children = (
				CD221CCB2019DE8C0000004C /* Base */,
			);
			name = LaunchScreen.storyboard;
			sourceTree = "<group>";
		};
/* End PBXVariantGroup section */

/* Begin XCBuildConfiguration section */
		CD221CD02019DE8C0000004C /* Debug */ = {
			isa = XCBuildConfiguration;
			buildSettings = {
				ALWAYS_SEARCH_USER_PATHS = NO;
				CLANG_ANALYZER_NONNULL = YES;
				CLANG_ANALYZER_NUMBER_OBJECT_CONVERSION = YES_AGGRESSIVE;
				CLANG_CXX_LANGUAGE_STANDARD = "gnu++14";
				CLANG_CXX_LIBRARY = "libc++";
				CLANG_ENABLE_MODULES = YES;
				CLANG_ENABLE_OBJC_ARC = YES;
				CLANG_WARN_BLOCK_CAPTURE_AUTORELEASING = YES;
				CLANG_WARN_BOOL_CONVERSION = YES;
				CLANG_WARN_COMMA = YES;
				CLANG_WARN_CONSTANT_CONVERSION = YES;
				CLANG_WARN_DIRECT_OBJC_ISA_USAGE = YES_ERROR;
				CLANG_WARN_DOCUMENTATION_COMMENTS = YES;
				CLANG_WARN_EMPTY_BODY = YES;
				CLANG_WARN_ENUM_CONVERSION = YES;
				CLANG_WARN_INFINITE_RECURSION = YES;
				CLANG_WARN_INT_CONVERSION = YES;
				CLANG_WARN_NON_LITERAL_NULL_CONVERSION = YES;
				CLANG_WARN_OBJC_LITERAL_CONVERSION = YES;
				CLANG_WARN_OBJC_ROOT_CLASS = YES_ERROR;
				CLANG_WARN_RANGE_LOOP_ANALYSIS = YES;
				CLANG_WARN_STRICT_PROTOTYPES = YES;
				CLANG_WARN_SUSPICIOUS_MOVE = YES;
				CLANG_WARN_UNGUARDED_AVAILABILITY = YES_AGGRESSIVE;
				CLANG_WARN_UNREACHABLE_CODE = YES;
				CLANG_WARN__DUPLICATE_METHOD_MATCH = YES;
				CODE_SIGN_IDENTITY = "iPhone Developer";
				COPY_PHASE_STRIP = NO;
				DEBUG_INFORMATION_FORMAT = dwarf;
				ENABLE_STRICT_OBJC_MSGSEND = YES;
				ENABLE_TESTABILITY = YES;
				GCC_C_LANGUAGE_STANDARD = gnu11;
				GCC_DYNAMIC_NO_PIC = NO;
				GCC_NO_COMMON_BLOCKS = YES;
				GCC_OPTIMIZATION_LEVEL = 0;
				GCC_PREPROCESSOR_DEFINITIONS = (
					"DEBUG=1",
					"$(inherited)",
				);
				GCC_WARN_64_TO_32_BIT_CONVERSION = YES;
				GCC_WARN_ABOUT_RETURN_TYPE = YES_ERROR;
				GCC_WARN_UNDECLARED_SELECTOR = YES;
				GCC_WARN_UNINITIALIZED_AUTOS = YES_AGGRESSIVE;
				GCC_WARN_UNUSED_FUNCTION = YES;
				GCC_WARN_UNUSED_VARIABLE = YES;
				IPHONEOS_DEPLOYMENT_TARGET = 11.2;
				MTL_ENABLE_DEBUG_INFO = YES;
				ONLY_ACTIVE_ARCH = YES;
				SDKROOT = iphoneos;
			};
			name = Debug;
		};
		CD221CD12019DE8C0000004C /* Release */ = {
			isa = XCBuildConfiguration;
			buildSettings = {
				ALWAYS_SEARCH_USER_PATHS = NO;
				CLANG_ANALYZER_NONNULL = YES;
				CLANG_ANALYZER_NUMBER_OBJECT_CONVERSION = YES_AGGRESSIVE;
				CLANG_CXX_LANGUAGE_STANDARD = "gnu++14";
				CLANG_CXX_LIBRARY = "libc++";
				CLANG_ENABLE_MODULES = YES;
				CLANG_ENABLE_OBJC_ARC = YES;
				CLANG_WARN_BLOCK_CAPTURE_AUTORELEASING = YES;
				CLANG_WARN_BOOL_CONVERSION = YES;
				CLANG_WARN_COMMA = YES;
				CLANG_WARN_CONSTANT_CONVERSION = YES;
				CLANG_WARN_DIRECT_OBJC_ISA_USAGE = YES_ERROR;
				CLANG_WARN_DOCUMENTATION_COMMENTS = YES;
				CLANG_WARN_EMPTY_BODY = YES;
				CLANG_WARN_ENUM_CONVERSION = YES;
				CLANG_WARN_INFINITE_RECURSION = YES;
				CLANG_WARN_INT_CONVERSION = YES;
				CLANG_WARN_NON_LITERAL_NULL_CONVERSION = YES;
				CLANG_WARN_OBJC_LITERAL_CONVERSION = YES;
				CLANG_WARN_OBJC_ROOT_CLASS = YES_ERROR;
				CLANG_WARN_RANGE_LOOP_ANALYSIS = YES;
				CLANG_WARN_STRICT_PROTOTYPES = YES;
				CLANG_WARN_SUSPICIOUS_MOVE = YES;
				CLANG_WARN_UNGUARDED_AVAILABILITY = YES_AGGRESSIVE;
				CLANG_WARN_UNREACHABLE_CODE = YES;
				CLANG_WARN__DUPLICATE_METHOD_MATCH = YES;
				CODE_SIGN_IDENTITY = "iPhone Developer";
				COPY_PHASE_STRIP = NO;
				DEBUG_INFORMATION_FORMAT = "dwarf-with-dsym";
				ENABLE_NS_ASSERTIONS = NO;
				ENABLE_STRICT_OBJC_MSGSEND = YES;
				GCC_C_LANGUAGE_STANDARD = gnu11;
				GCC_NO_COMMON_BLOCKS = YES;
				GCC_WARN_64_TO_32_BIT_CONVERSION = YES;
				GCC_WARN_ABOUT_RETURN_TYPE = YES_ERROR;
				GCC_WARN_UNDECLARED_SELECTOR = YES;
				GCC_WARN_UNINITIALIZED_AUTOS = YES_AGGRESSIVE;
				GCC_WARN_UNUSED_FUNCTION = YES;
				GCC_WARN_UNUSED_VARIABLE = YES;
				IPHONEOS_DEPLOYMENT_TARGET = 11.2;
				MTL_ENABLE_DEBUG_INFO = NO;
				SDKROOT = iphoneos;
				VALIDATE_PRODUCT = YES;
			};
			name = Release;
		};
		CD221CD32019DE8C0000004C /* Debug */ = {
			isa = XCBuildConfiguration;
			baseConfigurationReference = 3175F66ED6A1897454952F4A /* Pods-BarChart.debug.xcconfig */;
			buildSettings = {
				ASSETCATALOG_COMPILER_APPICON_NAME = AppIcon;
				CODE_SIGN_STYLE = Automatic;
				DEFINES_MODULE = YES;
				DEVELOPMENT_TEAM = MS6RTU94VW;
				INFOPLIST_FILE = BarChart/Info.plist;
				IPHONEOS_DEPLOYMENT_TARGET = 9.0;
				LD_RUNPATH_SEARCH_PATHS = "$(inherited) @executable_path/Frameworks";
				PRODUCT_BUNDLE_IDENTIFIER = com.ginlong.BarChart;
				PRODUCT_NAME = "$(TARGET_NAME)";
				TARGETED_DEVICE_FAMILY = 1;
			};
			name = Debug;
		};
		CD221CD42019DE8C0000004C /* Release */ = {
			isa = XCBuildConfiguration;
			baseConfigurationReference = 523A14131C5D774138DE77B8 /* Pods-BarChart.release.xcconfig */;
			buildSettings = {
				ASSETCATALOG_COMPILER_APPICON_NAME = AppIcon;
				CODE_SIGN_STYLE = Automatic;
				DEFINES_MODULE = YES;
				DEVELOPMENT_TEAM = MS6RTU94VW;
				INFOPLIST_FILE = BarChart/Info.plist;
				IPHONEOS_DEPLOYMENT_TARGET = 9.0;
				LD_RUNPATH_SEARCH_PATHS = "$(inherited) @executable_path/Frameworks";
				PRODUCT_BUNDLE_IDENTIFIER = com.ginlong.BarChart;
				PRODUCT_NAME = "$(TARGET_NAME)";
				TARGETED_DEVICE_FAMILY = 1;
			};
			name = Release;
		};
/* End XCBuildConfiguration section */

/* Begin XCConfigurationList section */
		CD221CB72019DE8C0000004C /* Build configuration list for PBXProject "BarChart" */ = {
			isa = XCConfigurationList;
			buildConfigurations = (
				CD221CD02019DE8C0000004C /* Debug */,
				CD221CD12019DE8C0000004C /* Release */,
			);
			defaultConfigurationIsVisible = 0;
			defaultConfigurationName = Release;
		};
		CD221CD22019DE8C0000004C /* Build configuration list for PBXNativeTarget "BarChart" */ = {
			isa = XCConfigurationList;
			buildConfigurations = (
				CD221CD32019DE8C0000004C /* Debug */,
				CD221CD42019DE8C0000004C /* Release */,
			);
			defaultConfigurationIsVisible = 0;
			defaultConfigurationName = Release;
		};
/* End XCConfigurationList section */
	};
	rootObject = CD221CB42019DE8C0000004C /* Project object */;
}
